
Microsoft Visual Studio Solution File, Format Version 12.00
# Visual Studio 15
VisualStudioVersion = 15.0.28307.572
MinimumVisualStudioVersion = 10.0.40219.1
Project("{FAE04EC0-301F-11D3-BF4B-00C04F79EFBC}") = "ASP_NET_MVC_Q4", "ASP_NET_MVC_Q4\ASP_NET_MVC_Q4.csproj", "{F8AD887D-79CD-4F72-9550-871124B92308}"
EndProject
Global
	GlobalSection(SolutionConfigurationPlatforms) = preSolution
		Debug|Any CPU = Debug|Any CPU
		Release|Any CPU = Release|Any CPU
	EndGlobalSection
	GlobalSection(ProjectConfigurationPlatforms) = postSolution
		{F8AD887D-79CD-4F72-9550-871124B92308}.Debug|Any CPU.ActiveCfg = Debug|Any CPU
		{F8AD887D-79CD-4F72-9550-871124B92308}.Debug|Any CPU.Build.0 = Debug|Any CPU
		{F8AD887D-79CD-4F72-9550-871124B92308}.Release|Any CPU.ActiveCfg = Release|Any CPU
		{F8AD887D-79CD-4F72-9550-871124B92308}.Release|Any CPU.Build.0 = Release|Any CPU
	EndGlobalSection
	GlobalSection(SolutionProperties) = preSolution
		HideSolutionNode = FALSE
	EndGlobalSection
	GlobalSection(ExtensibilityGlobals) = postSolution
		SolutionGuid = {A7943D09-B803-4781-B3CB-F8ABAB3C4E2A}
	EndGlobalSection
EndGlobal
